{
  "name": "social-media-caption-generator",
  "version": "1.0.0",
  "lockfileVersion": 2,
  "requires": true,
  "packages": {
    "": {
      "name": "social-media-caption-generator",
      "version": "1.0.0",
      "license": "ISC"
    },
    "node_modules/npm": {
      "version": "7.24.0",
      "engines": {
        "node": ">=6.0.0"
      },
      "dev": true
    }
  }
}
